
Microsoft Visual Studio Solution File, Format Version 12.00
# Visual Studio Version 17
VisualStudioVersion = 17.7.34031.279
MinimumVisualStudioVersion = 10.0.40219.1
Project("{F184B08F-C81C-45F6-A57F-5ABD9991F28F}") = "Forex", "Forex\Forex.vbproj", "{F61F1084-6809-4121-901F-E9139A65102E}"
EndProject
Global
	GlobalSection(SolutionConfigurationPlatforms) = preSolution
		Debug|Any CPU = Debug|Any CPU
		Release|Any CPU = Release|Any CPU
	EndGlobalSection
	GlobalSection(ProjectConfigurationPlatforms) = postSolution
		{F61F1084-6809-4121-901F-E9139A65102E}.Debug|Any CPU.ActiveCfg = Debug|Any CPU
		{F61F1084-6809-4121-901F-E9139A65102E}.Debug|Any CPU.Build.0 = Debug|Any CPU
		{F61F1084-6809-4121-901F-E9139A65102E}.Release|Any CPU.ActiveCfg = Release|Any CPU
		{F61F1084-6809-4121-901F-E9139A65102E}.Release|Any CPU.Build.0 = Release|Any CPU
	EndGlobalSection
	GlobalSection(SolutionProperties) = preSolution
		HideSolutionNode = FALSE
	EndGlobalSection
	GlobalSection(ExtensibilityGlobals) = postSolution
		SolutionGuid = {7E5B4ECD-5DE2-4EAB-9000-7BA641B8D0C9}
	EndGlobalSection
EndGlobal
